Microsoft Visual Studio Solution File, Format Version 12.00
# Visual Studio Version 17
VisualStudioVersion = 17.5.2.0
MinimumVisualStudioVersion = 10.0.40219.1
Project("{FAE04EC0-301F-11D3-BF4B-00C04F79EFBC}") = "Car_Rental_System", "Car_Rental_System.csproj", "{27412F7E-A074-A257-C074-2AF4FF250E84}"
EndProject
Global
	GlobalSection(SolutionConfigurationPlatforms) = preSolution
		Debug|Any CPU = Debug|Any CPU
		Release|Any CPU = Release|Any CPU
	EndGlobalSection
	GlobalSection(ProjectConfigurationPlatforms) = postSolution
		{27412F7E-A074-A257-C074-2AF4FF250E84}.Debug|Any CPU.ActiveCfg = Debug|Any CPU
		{27412F7E-A074-A257-C074-2AF4FF250E84}.Debug|Any CPU.Build.0 = Debug|Any CPU
		{27412F7E-A074-A257-C074-2AF4FF250E84}.Release|Any CPU.ActiveCfg = Release|Any CPU
		{27412F7E-A074-A257-C074-2AF4FF250E84}.Release|Any CPU.Build.0 = Release|Any CPU
	EndGlobalSection
	GlobalSection(SolutionProperties) = preSolution
		HideSolutionNode = FALSE
	EndGlobalSection
	GlobalSection(ExtensibilityGlobals) = postSolution
		SolutionGuid = {AD8C6806-AEC2-4BD1-A5CF-88A671B529D7}
	EndGlobalSection
EndGlobal
