Microsoft Visual Studio Solution File, Format Version 12.00
# Visual Studio Version 17
VisualStudioVersion = 17.5.2.0
MinimumVisualStudioVersion = 10.0.40219.1
Project("{FAE04EC0-301F-11D3-BF4B-00C04F79EFBC}") = "Car_Rental_System.Tests", "Car_Rental_System.Tests.csproj", "{AB8520DD-AEF6-6EAA-CAC0-6725E95BD473}"
EndProject
Global
	GlobalSection(SolutionConfigurationPlatforms) = preSolution
		Debug|Any CPU = Debug|Any CPU
		Release|Any CPU = Release|Any CPU
	EndGlobalSection
	GlobalSection(ProjectConfigurationPlatforms) = postSolution
		{AB8520DD-AEF6-6EAA-CAC0-6725E95BD473}.Debug|Any CPU.ActiveCfg = Debug|Any CPU
		{AB8520DD-AEF6-6EAA-CAC0-6725E95BD473}.Debug|Any CPU.Build.0 = Debug|Any CPU
		{AB8520DD-AEF6-6EAA-CAC0-6725E95BD473}.Release|Any CPU.ActiveCfg = Release|Any CPU
		{AB8520DD-AEF6-6EAA-CAC0-6725E95BD473}.Release|Any CPU.Build.0 = Release|Any CPU
	EndGlobalSection
	GlobalSection(SolutionProperties) = preSolution
		HideSolutionNode = FALSE
	EndGlobalSection
	GlobalSection(ExtensibilityGlobals) = postSolution
		SolutionGuid = {F4B7DE7A-04A1-4B72-8F36-58F6AF343793}
	EndGlobalSection
EndGlobal
